
Microsoft Visual Studio Solution File, Format Version 12.00
# Visual Studio Version 16
VisualStudioVersion = 16.0.28803.202
MinimumVisualStudioVersion = 10.0.40219.1
Project("{FAE04EC0-301F-11D3-BF4B-00C04F79EFBC}") = "HelloWorld", "HelloWorld\HelloWorld.csproj", "{4FE6CEAA-C4C0-4957-85DD-B59B78573493}"
EndProject
Global
	GlobalSection(SolutionConfigurationPlatforms) = preSolution
		Debug|Any CPU = Debug|Any CPU
		Release|Any CPU = Release|Any CPU
	EndGlobalSection
	GlobalSection(ProjectConfigurationPlatforms) = postSolution
		{4FE6CEAA-C4C0-4957-85DD-B59B78573493}.Debug|Any CPU.ActiveCfg = Debug|Any CPU
		{4FE6CEAA-C4C0-4957-85DD-B59B78573493}.Debug|Any CPU.Build.0 = Debug|Any CPU
		{4FE6CEAA-C4C0-4957-85DD-B59B78573493}.Release|Any CPU.ActiveCfg = Release|Any CPU
		{4FE6CEAA-C4C0-4957-85DD-B59B78573493}.Release|Any CPU.Build.0 = Release|Any CPU
	EndGlobalSection
	GlobalSection(SolutionProperties) = preSolution
		HideSolutionNode = FALSE
	EndGlobalSection
	GlobalSection(ExtensibilityGlobals) = postSolution
		SolutionGuid = {2D60C126-5A14-4E35-A8FF-A97EF28CBB76}
	EndGlobalSection
EndGlobal
